
Microsoft Visual Studio Solution File, Format Version 12.00
# Visual Studio Version 17
VisualStudioVersion = 17.7.34031.279
MinimumVisualStudioVersion = 10.0.40219.1
Project("{9A19103F-16F7-4668-BE54-9A1E7A4F7556}") = "SerrviceApplication", "SerrviceApplication\SerrviceApplication.csproj", "{910D09B2-5C16-4CDE-A31E-B79E26CAED21}"
EndProject
Project("{9A19103F-16F7-4668-BE54-9A1E7A4F7556}") = "AzureFunctions", "AzureFunctions\AzureFunctions.csproj", "{9571B0C8-CA3C-4DBE-8A9B-E0A6E32036C6}"
EndProject
Global
	GlobalSection(SolutionConfigurationPlatforms) = preSolution
		Debug|Any CPU = Debug|Any CPU
		Release|Any CPU = Release|Any CPU
	EndGlobalSection
	GlobalSection(ProjectConfigurationPlatforms) = postSolution
		{910D09B2-5C16-4CDE-A31E-B79E26CAED21}.Debug|Any CPU.ActiveCfg = Debug|Any CPU
		{910D09B2-5C16-4CDE-A31E-B79E26CAED21}.Debug|Any CPU.Build.0 = Debug|Any CPU
		{910D09B2-5C16-4CDE-A31E-B79E26CAED21}.Release|Any CPU.ActiveCfg = Release|Any CPU
		{910D09B2-5C16-4CDE-A31E-B79E26CAED21}.Release|Any CPU.Build.0 = Release|Any CPU
		{9571B0C8-CA3C-4DBE-8A9B-E0A6E32036C6}.Debug|Any CPU.ActiveCfg = Debug|Any CPU
		{9571B0C8-CA3C-4DBE-8A9B-E0A6E32036C6}.Debug|Any CPU.Build.0 = Debug|Any CPU
		{9571B0C8-CA3C-4DBE-8A9B-E0A6E32036C6}.Release|Any CPU.ActiveCfg = Release|Any CPU
		{9571B0C8-CA3C-4DBE-8A9B-E0A6E32036C6}.Release|Any CPU.Build.0 = Release|Any CPU
	EndGlobalSection
	GlobalSection(SolutionProperties) = preSolution
		HideSolutionNode = FALSE
	EndGlobalSection
	GlobalSection(ExtensibilityGlobals) = postSolution
		SolutionGuid = {319B22F3-0D2B-480D-9DC8-CC2FC3C327A0}
	EndGlobalSection
EndGlobal
